
Microsoft Visual Studio Solution File, Format Version 12.00
# Visual Studio Version 16
VisualStudioVersion = 16.0.29411.108
MinimumVisualStudioVersion = 10.0.40219.1
Project("{FAE04EC0-301F-11D3-BF4B-00C04F79EFBC}") = "MeusProtocolos.App", "MeusProtocolos.App\MeusProtocolos.App.csproj", "{BA932C61-28DC-4DB8-8BE0-62DEF638428A}"
EndProject
Global
	GlobalSection(SolutionConfigurationPlatforms) = preSolution
		Debug|Any CPU = Debug|Any CPU
		Release|Any CPU = Release|Any CPU
	EndGlobalSection
	GlobalSection(ProjectConfigurationPlatforms) = postSolution
		{BA932C61-28DC-4DB8-8BE0-62DEF638428A}.Debug|Any CPU.ActiveCfg = Debug|Any CPU
		{BA932C61-28DC-4DB8-8BE0-62DEF638428A}.Debug|Any CPU.Build.0 = Debug|Any CPU
		{BA932C61-28DC-4DB8-8BE0-62DEF638428A}.Release|Any CPU.ActiveCfg = Release|Any CPU
		{BA932C61-28DC-4DB8-8BE0-62DEF638428A}.Release|Any CPU.Build.0 = Release|Any CPU
	EndGlobalSection
	GlobalSection(SolutionProperties) = preSolution
		HideSolutionNode = FALSE
	EndGlobalSection
	GlobalSection(ExtensibilityGlobals) = postSolution
		SolutionGuid = {428D62D6-67DD-45F4-A1F5-B7C4A1A4D7E6}
	EndGlobalSection
EndGlobal
